// !$*UTF8*$!
{
	archiveVersion = 1;
	classes = {
	};
	objectVersion = 56;
	objects = {

/* Begin PBXBuildFile section */
		26D2B2082A55FE2000785E97 /* BentOnboardingAssignmentApp.swift in Sources */ = {isa = PBXBuildFile; fileRef = 26D2B2072A55FE2000785E97 /* BentOnboardingAssignmentApp.swift */; };
		26D2B20A2A55FE2000785E97 /* SignUpLoginView.swift in Sources */ = {isa = PBXBuildFile; fileRef = 26D2B2092A55FE2000785E97 /* SignUpLoginView.swift */; };
		26D2B20C2A55FE2100785E97 /* Assets.xcassets in Resources */ = {isa = PBXBuildFile; fileRef = 26D2B20B2A55FE2100785E97 /* Assets.xcassets */; };
		26D2B20F2A55FE2100785E97 /* Preview Assets.xcassets in Resources */ = {isa = PBXBuildFile; fileRef = 26D2B20E2A55FE2100785E97 /* Preview Assets.xcassets */; };
		26D2B2192A55FE2100785E97 /* BentOnboardingAssignmentTests.swift in Sources */ = {isa = PBXBuildFile; fileRef = 26D2B2182A55FE2100785E97 /* BentOnboardingAssignmentTests.swift */; };
		26D2B2232A55FE2100785E97 /* BentOnboardingAssignmentUITests.swift in Sources */ = {isa = PBXBuildFile; fileRef = 26D2B2222A55FE2100785E97 /* BentOnboardingAssignmentUITests.swift */; };
		26D2B2252A55FE2100785E97 /* BentOnboardingAssignmentUITestsLaunchTests.swift in Sources */ = {isa = PBXBuildFile; fileRef = 26D2B2242A55FE2100785E97 /* BentOnboardingAssignmentUITestsLaunchTests.swift */; };
/* End PBXBuildFile section */

/* Begin PBXContainerItemProxy section */
		26D2B2152A55FE2100785E97 /* PBXContainerItemProxy */ = {
			isa = PBXContainerItemProxy;
			containerPortal = 26D2B1FC2A55FE2000785E97 /* Project object */;
			proxyType = 1;
			remoteGlobalIDString = 26D2B2032A55FE2000785E97;
			remoteInfo = BentOnboardingAssignment;
		};
		26D2B21F2A55FE2100785E97 /* PBXContainerItemProxy */ = {
			isa = PBXContainerItemProxy;
			containerPortal = 26D2B1FC2A55FE2000785E97 /* Project object */;
			proxyType = 1;
			remoteGlobalIDString = 26D2B2032A55FE2000785E97;
			remoteInfo = BentOnboardingAssignment;
		};
/* End PBXContainerItemProxy section */

/* Begin PBXFileReference section */
		26D2B2042A55FE2000785E97 /* BentOnboardingAssignment.app */ = {isa = PBXFileReference; explicitFileType = wrapper.application; includeInIndex = 0; path = BentOnboardingAssignment.app; sourceTree = BUILT_PRODUCTS_DIR; };
		26D2B2072A55FE2000785E97 /* BentOnboardingAssignmentApp.swift */ = {isa = PBXFileReference; lastKnownFileType = sourcecode.swift; path = BentOnboardingAssignmentApp.swift; sourceTree = "<group>"; };
		26D2B2092A55FE2000785E97 /* SignUpLoginView.swift */ = {isa = PBXFileReference; lastKnownFileType = sourcecode.swift; path = SignUpLoginView.swift; sourceTree = "<group>"; };
		26D2B20B2A55FE2100785E97 /* Assets.xcassets */ = {isa = PBXFileReference; lastKnownFileType = folder.assetcatalog; path = Assets.xcassets; sourceTree = "<group>"; };
		26D2B20E2A55FE2100785E97 /* Preview Assets.xcassets */ = {isa = PBXFileReference; lastKnownFileType = folder.assetcatalog; path = "Preview Assets.xcassets"; sourceTree = "<group>"; };
		26D2B2142A55FE2100785E97 /* BentOnboardingAssignmentTests.xctest */ = {isa = PBXFileReference; explicitFileType = wrapper.cfbundle; includeInIndex = 0; path = BentOnboardingAssignmentTests.xctest; sourceTree = BUILT_PRODUCTS_DIR; };
		26D2B2182A55FE2100785E97 /* BentOnboardingAssignmentTests.swift */ = {isa = PBXFileReference; lastKnownFileType = sourcecode.swift; path = BentOnboardingAssignmentTests.swift; sourceTree = "<group>"; };
		26D2B21E2A55FE2100785E97 /* BentOnboardingAssignmentUITests.xctest */ = {isa = PBXFileReference; explicitFileType = wrapper.cfbundle; includeInIndex = 0; path = BentOnboardingAssignmentUITests.xctest; sourceTree = BUILT_PRODUCTS_DIR; };
		26D2B2222A55FE2100785E97 /* BentOnboardingAssignmentUITests.swift */ = {isa = PBXFileReference; lastKnownFileType = sourcecode.swift; path = BentOnboardingAssignmentUITests.swift; sourceTree = "<group>"; };
		26D2B2242A55FE2100785E97 /* BentOnboardingAssignmentUITestsLaunchTests.swift */ = {isa = PBXFileReference; lastKnownFileType = sourcecode.swift; path = BentOnboardingAssignmentUITestsLaunchTests.swift; sourceTree = "<group>"; };
/* End PBXFileReference section */

/* Begin PBXFrameworksBuildPhase section */
		26D2B2012A55FE2000785E97 /* Frameworks */ = {
			isa = PBXFrameworksBuildPhase;
			buildActionMask = 2147483647;
			files = (
			);
			runOnlyForDeploymentPostprocessing = 0;
		};
		26D2B2112A55FE2100785E97 /* Frameworks */ = {
			isa = PBXFrameworksBuildPhase;
			buildActionMask = 2147483647;
			files = (
			);
			runOnlyForDeploymentPostprocessing = 0;
		};
		26D2B21B2A55FE2100785E97 /* Frameworks */ = {
			isa = PBXFrameworksBuildPhase;
			buildActionMask = 2147483647;
			files = (
			);
			runOnlyForDeploymentPostprocessing = 0;
		};
/* End PBXFrameworksBuildPhase section */

/* Begin PBXGroup section */
		26D2B1FB2A55FE2000785E97 = {
			isa = PBXGroup;
			children = (
				26D2B2062A55FE2000785E97 /* BentOnboardingAssignment */,
				26D2B2172A55FE2100785E97 /* BentOnboardingAssignmentTests */,
				26D2B2212A55FE2100785E97 /* BentOnboardingAssignmentUITests */,
				26D2B2052A55FE2000785E97 /* Products */,
			);
			sourceTree = "<group>";
		};
		26D2B2052A55FE2000785E97 /* Products */ = {
			isa = PBXGroup;
			children = (
				26D2B2042A55FE2000785E97 /* BentOnboardingAssignment.app */,
				26D2B2142A55FE2100785E97 /* BentOnboardingAssignmentTests.xctest */,
				26D2B21E2A55FE2100785E97 /* BentOnboardingAssignmentUITests.xctest */,
			);
			name = Products;
			sourceTree = "<group>";
		};
		26D2B2062A55FE2000785E97 /* BentOnboardingAssignment */ = {
			isa = PBXGroup;
			children = (
				26D2B2072A55FE2000785E97 /* BentOnboardingAssignmentApp.swift */,
				26D2B2092A55FE2000785E97 /* SignUpLoginView.swift */,
				26D2B20B2A55FE2100785E97 /* Assets.xcassets */,
				26D2B20D2A55FE2100785E97 /* Preview Content */,
			);
			path = BentOnboardingAssignment;
			sourceTree = "<group>";
		};
		26D2B20D2A55FE2100785E97 /* Preview Content */ = {
			isa = PBXGroup;
			children = (
				26D2B20E2A55FE2100785E97 /* Preview Assets.xcassets */,
			);
			path = "Preview Content";
			sourceTree = "<group>";
		};
		26D2B2172A55FE2100785E97 /* BentOnboardingAssignmentTests */ = {
			isa = PBXGroup;
			children = (
				26D2B2182A55FE2100785E97 /* BentOnboardingAssignmentTests.swift */,
			);
			path = BentOnboardingAssignmentTests;
			sourceTree = "<group>";
		};
		26D2B2212A55FE2100785E97 /* BentOnboardingAssignmentUITests */ = {
			isa = PBXGroup;
			children = (
				26D2B2222A55FE2100785E97 /* BentOnboardingAssignmentUITests.swift */,
				26D2B2242A55FE2100785E97 /* BentOnboardingAssignmentUITestsLaunchTests.swift */,
			);
			path = BentOnboardingAssignmentUITests;
			sourceTree = "<group>";
		};
/* End PBXGroup section */

/* Begin PBXNativeTarget section */
		26D2B2032A55FE2000785E97 /* BentOnboardingAssignment */ = {
			isa = PBXNativeTarget;
			buildConfigurationList = 26D2B2282A55FE2100785E97 /* Build configuration list for PBXNativeTarget "BentOnboardingAssignment" */;
			buildPhases = (
				26D2B2002A55FE2000785E97 /* Sources */,
				26D2B2012A55FE2000785E97 /* Frameworks */,
				26D2B2022A55FE2000785E97 /* Resources */,
			);
			buildRules = (
			);
			dependencies = (
			);
			name = BentOnboardingAssignment;
			productName = BentOnboardingAssignment;
			productReference = 26D2B2042A55FE2000785E97 /* BentOnboardingAssignment.app */;
			productType = "com.apple.product-type.application";
		};
		26D2B2132A55FE2100785E97 /* BentOnboardingAssignmentTests */ = {
			isa = PBXNativeTarget;
			buildConfigurationList = 26D2B22B2A55FE2100785E97 /* Build configuration list for PBXNativeTarget "BentOnboardingAssignmentTests" */;
			buildPhases = (
				26D2B2102A55FE2100785E97 /* Sources */,
				26D2B2112A55FE2100785E97 /* Frameworks */,
				26D2B2122A55FE2100785E97 /* Resources */,
			);
			buildRules = (
			);
			dependencies = (
				26D2B2162A55FE2100785E97 /* PBXTargetDependency */,
			);
			name = BentOnboardingAssignmentTests;
			productName = BentOnboardingAssignmentTests;
			productReference = 26D2B2142A55FE2100785E97 /* BentOnboardingAssignmentTests.xctest */;
			productType = "com.apple.product-type.bundle.unit-test";
		};
		26D2B21D2A55FE2100785E97 /* BentOnboardingAssignmentUITests */ = {
			isa = PBXNativeTarget;
			buildConfigurationList = 26D2B22E2A55FE2100785E97 /* Build configuration list for PBXNativeTarget "BentOnboardingAssignmentUITests" */;
			buildPhases = (
				26D2B21A2A55FE2100785E97 /* Sources */,
				26D2B21B2A55FE2100785E97 /* Frameworks */,
				26D2B21C2A55FE2100785E97 /* Resources */,
			);
			buildRules = (
			);
			dependencies = (
				26D2B2202A55FE2100785E97 /* PBXTargetDependency */,
			);
			name = BentOnboardingAssignmentUITests;
			productName = BentOnboardingAssignmentUITests;
			productReference = 26D2B21E2A55FE2100785E97 /* BentOnboardingAssignmentUITests.xctest */;
			productType = "com.apple.product-type.bundle.ui-testing";
		};
/* End PBXNativeTarget section */

/* Begin PBXProject section */
		26D2B1FC2A55FE2000785E97 /* Project object */ = {
			isa = PBXProject;
			attributes = {
				BuildIndependentTargetsInParallel = 1;
				LastSwiftUpdateCheck = 1430;
				LastUpgradeCheck = 1430;
				TargetAttributes = {
					26D2B2032A55FE2000785E97 = {
						CreatedOnToolsVersion = 14.3.1;
					};
					26D2B2132A55FE2100785E97 = {
						CreatedOnToolsVersion = 14.3.1;
						TestTargetID = 26D2B2032A55FE2000785E97;
					};
					26D2B21D2A55FE2100785E97 = {
						CreatedOnToolsVersion = 14.3.1;
						TestTargetID = 26D2B2032A55FE2000785E97;
					};
				};
			};
			buildConfigurationList = 26D2B1FF2A55FE2000785E97 /* Build configuration list for PBXProject "BentOnboardingAssignment" */;
			compatibilityVersion = "Xcode 14.0";
			developmentRegion = en;
			hasScannedForEncodings = 0;
			knownRegions = (
				en,
				Base,
			);
			mainGroup = 26D2B1FB2A55FE2000785E97;
			productRefGroup = 26D2B2052A55FE2000785E97 /* Products */;
			projectDirPath = "";
			projectRoot = "";
			targets = (
				26D2B2032A55FE2000785E97 /* BentOnboardingAssignment */,
				26D2B2132A55FE2100785E97 /* BentOnboardingAssignmentTests */,
				26D2B21D2A55FE2100785E97 /* BentOnboardingAssignmentUITests */,
			);
		};
/* End PBXProject section */

/* Begin PBXResourcesBuildPhase section */
		26D2B2022A55FE2000785E97 /* Resources */ = {
			isa = PBXResourcesBuildPhase;
			buildActionMask = 2147483647;
			files = (
				26D2B20F2A55FE2100785E97 /* Preview Assets.xcassets in Resources */,
				26D2B20C2A55FE2100785E97 /* Assets.xcassets in Resources */,
			);
			runOnlyForDeploymentPostprocessing = 0;
		};
		26D2B2122A55FE2100785E97 /* Resources */ = {
			isa = PBXResourcesBuildPhase;
			buildActionMask = 2147483647;
			files = (
			);
			runOnlyForDeploymentPostprocessing = 0;
		};
		26D2B21C2A55FE2100785E97 /* Resources */ = {
			isa = PBXResourcesBuildPhase;
			buildActionMask = 2147483647;
			files = (
			);
			runOnlyForDeploymentPostprocessing = 0;
		};
/* End PBXResourcesBuildPhase section */

/* Begin PBXSourcesBuildPhase section */
		26D2B2002A55FE2000785E97 /* Sources */ = {
			isa = PBXSourcesBuildPhase;
			buildActionMask = 2147483647;
			files = (
				26D2B20A2A55FE2000785E97 /* SignUpLoginView.swift in Sources */,
				26D2B2082A55FE2000785E97 /* BentOnboardingAssignmentApp.swift in Sources */,
			);
			runOnlyForDeploymentPostprocessing = 0;
		};
		26D2B2102A55FE2100785E97 /* Sources */ = {
			isa = PBXSourcesBuildPhase;
			buildActionMask = 2147483647;
			files = (
				26D2B2192A55FE2100785E97 /* BentOnboardingAssignmentTests.swift in Sources */,
			);
			runOnlyForDeploymentPostprocessing = 0;
		};
		26D2B21A2A55FE2100785E97 /* Sources */ = {
			isa = PBXSourcesBuildPhase;
			buildActionMask = 2147483647;
			files = (
				26D2B2232A55FE2100785E97 /* BentOnboardingAssignmentUITests.swift in Sources */,
				26D2B2252A55FE2100785E97 /* BentOnboardingAssignmentUITestsLaunchTests.swift in Sources */,
			);
			runOnlyForDeploymentPostprocessing = 0;
		};
/* End PBXSourcesBuildPhase section */

/* Begin PBXTargetDependency section */
		26D2B2162A55FE2100785E97 /* PBXTargetDependency */ = {
			isa = PBXTargetDependency;
			target = 26D2B2032A55FE2000785E97 /* BentOnboardingAssignment */;
			targetProxy = 26D2B2152A55FE2100785E97 /* PBXContainerItemProxy */;
		};
		26D2B2202A55FE2100785E97 /* PBXTargetDependency */ = {
			isa = PBXTargetDependency;
			target = 26D2B2032A55FE2000785E97 /* BentOnboardingAssignment */;
			targetProxy = 26D2B21F2A55FE2100785E97 /* PBXContainerItemProxy */;
		};
/* End PBXTargetDependency section */

/* Begin XCBuildConfiguration section */
		26D2B2262A55FE2100785E97 /* Debug */ = {
			isa = XCBuildConfiguration;
			buildSettings = {
				ALWAYS_SEARCH_USER_PATHS = NO;
				CLANG_ANALYZER_NONNULL = YES;
				CLANG_ANALYZER_NUMBER_OBJECT_CONVERSION = YES_AGGRESSIVE;
				CLANG_CXX_LANGUAGE_STANDARD = "gnu++20";
				CLANG_ENABLE_MODULES = YES;
				CLANG_ENABLE_OBJC_ARC = YES;
				CLANG_ENABLE_OBJC_WEAK = YES;
				CLANG_WARN_BLOCK_CAPTURE_AUTORELEASING = YES;
				CLANG_WARN_BOOL_CONVERSION = YES;
				CLANG_WARN_COMMA = YES;
				CLANG_WARN_CONSTANT_CONVERSION = YES;
				CLANG_WARN_DEPRECATED_OBJC_IMPLEMENTATIONS = YES;
				CLANG_WARN_DIRECT_OBJC_ISA_USAGE = YES_ERROR;
				CLANG_WARN_DOCUMENTATION_COMMENTS = YES;
				CLANG_WARN_EMPTY_BODY = YES;
				CLANG_WARN_ENUM_CONVERSION = YES;
				CLANG_WARN_INFINITE_RECURSION = YES;
				CLANG_WARN_INT_CONVERSION = YES;
				CLANG_WARN_NON_LITERAL_NULL_CONVERSION = YES;
				CLANG_WARN_OBJC_IMPLICIT_RETAIN_SELF = YES;
				CLANG_WARN_OBJC_LITERAL_CONVERSION = YES;
				CLANG_WARN_OBJC_ROOT_CLASS = YES_ERROR;
				CLANG_WARN_QUOTED_INCLUDE_IN_FRAMEWORK_HEADER = YES;
				CLANG_WARN_RANGE_LOOP_ANALYSIS = YES;
				CLANG_WARN_STRICT_PROTOTYPES = YES;
				CLANG_WARN_SUSPICIOUS_MOVE = YES;
				CLANG_WARN_UNGUARDED_AVAILABILITY = YES_AGGRESSIVE;
				CLANG_WARN_UNREACHABLE_CODE = YES;
				CLANG_WARN__DUPLICATE_METHOD_MATCH = YES;
				COPY_PHASE_STRIP = NO;
				DEBUG_INFORMATION_FORMAT = dwarf;
				ENABLE_STRICT_OBJC_MSGSEND = YES;
				ENABLE_TESTABILITY = YES;
				GCC_C_LANGUAGE_STANDARD = gnu11;
				GCC_DYNAMIC_NO_PIC = NO;
				GCC_NO_COMMON_BLOCKS = YES;
				GCC_OPTIMIZATION_LEVEL = 0;
				GCC_PREPROCESSOR_DEFINITIONS = (
					"DEBUG=1",
					"$(inherited)",
				);
				GCC_WARN_64_TO_32_BIT_CONVERSION = YES;
				GCC_WARN_ABOUT_RETURN_TYPE = YES_ERROR;
				GCC_WARN_UNDECLARED_SELECTOR = YES;
				GCC_WARN_UNINITIALIZED_AUTOS = YES_AGGRESSIVE;
				GCC_WARN_UNUSED_FUNCTION = YES;
				GCC_WARN_UNUSED_VARIABLE = YES;
				IPHONEOS_DEPLOYMENT_TARGET = 16.4;
				MTL_ENABLE_DEBUG_INFO = INCLUDE_SOURCE;
				MTL_FAST_MATH = YES;
				ONLY_ACTIVE_ARCH = YES;
				SDKROOT = iphoneos;
				SWIFT_ACTIVE_COMPILATION_CONDITIONS = DEBUG;
				SWIFT_OPTIMIZATION_LEVEL = "-Onone";
			};
			name = Debug;
		};
		26D2B2272A55FE2100785E97 /* Release */ = {
			isa = XCBuildConfiguration;
			buildSettings = {
				ALWAYS_SEARCH_USER_PATHS = NO;
				CLANG_ANALYZER_NONNULL = YES;
				CLANG_ANALYZER_NUMBER_OBJECT_CONVERSION = YES_AGGRESSIVE;
				CLANG_CXX_LANGUAGE_STANDARD = "gnu++20";
				CLANG_ENABLE_MODULES = YES;
				CLANG_ENABLE_OBJC_ARC = YES;
				CLANG_ENABLE_OBJC_WEAK = YES;
				CLANG_WARN_BLOCK_CAPTURE_AUTORELEASING = YES;
				CLANG_WARN_BOOL_CONVERSION = YES;
				CLANG_WARN_COMMA = YES;
				CLANG_WARN_CONSTANT_CONVERSION = YES;
				CLANG_WARN_DEPRECATED_OBJC_IMPLEMENTATIONS = YES;
				CLANG_WARN_DIRECT_OBJC_ISA_USAGE = YES_ERROR;
				CLANG_WARN_DOCUMENTATION_COMMENTS = YES;
				CLANG_WARN_EMPTY_BODY = YES;
				CLANG_WARN_ENUM_CONVERSION = YES;
				CLANG_WARN_INFINITE_RECURSION = YES;
				CLANG_WARN_INT_CONVERSION = YES;
				CLANG_WARN_NON_LITERAL_NULL_CONVERSION = YES;
				CLANG_WARN_OBJC_IMPLICIT_RETAIN_SELF = YES;
				CLANG_WARN_OBJC_LITERAL_CONVERSION = YES;
				CLANG_WARN_OBJC_ROOT_CLASS = YES_ERROR;
				CLANG_WARN_QUOTED_INCLUDE_IN_FRAMEWORK_HEADER = YES;
				CLANG_WARN_RANGE_LOOP_ANALYSIS = YES;
				CLANG_WARN_STRICT_PROTOTYPES = YES;
				CLANG_WARN_SUSPICIOUS_MOVE = YES;
				CLANG_WARN_UNGUARDED_AVAILABILITY = YES_AGGRESSIVE;
				CLANG_WARN_UNREACHABLE_CODE = YES;
				CLANG_WARN__DUPLICATE_METHOD_MATCH = YES;
				COPY_PHASE_STRIP = NO;
				DEBUG_INFORMATION_FORMAT = "dwarf-with-dsym";
				ENABLE_NS_ASSERTIONS = NO;
				ENABLE_STRICT_OBJC_MSGSEND = YES;
				GCC_C_LANGUAGE_STANDARD = gnu11;
				GCC_NO_COMMON_BLOCKS = YES;
				GCC_WARN_64_TO_32_BIT_CONVERSION = YES;
				GCC_WARN_ABOUT_RETURN_TYPE = YES_ERROR;
				GCC_WARN_UNDECLARED_SELECTOR = YES;
				GCC_WARN_UNINITIALIZED_AUTOS = YES_AGGRESSIVE;
				GCC_WARN_UNUSED_FUNCTION = YES;
				GCC_WARN_UNUSED_VARIABLE = YES;
				IPHONEOS_DEPLOYMENT_TARGET = 16.4;
				MTL_ENABLE_DEBUG_INFO = NO;
				MTL_FAST_MATH = YES;
				SDKROOT = iphoneos;
				SWIFT_COMPILATION_MODE = wholemodule;
				SWIFT_OPTIMIZATION_LEVEL = "-O";
				VALIDATE_PRODUCT = YES;
			};
			name = Release;
		};
		26D2B2292A55FE2100785E97 /* Debug */ = {
			isa = XCBuildConfiguration;
			buildSettings = {
				ASSETCATALOG_COMPILER_APPICON_NAME = AppIcon;
				ASSETCATALOG_COMPILER_GLOBAL_ACCENT_COLOR_NAME = AccentColor;
				CODE_SIGN_STYLE = Automatic;
				CURRENT_PROJECT_VERSION = 1;
				DEVELOPMENT_ASSET_PATHS = "\"BentOnboardingAssignment/Preview Content\"";
				DEVELOPMENT_TEAM = Q7J755A3GA;
				ENABLE_PREVIEWS = YES;
				GENERATE_INFOPLIST_FILE = YES;
				INFOPLIST_KEY_UIApplicationSceneManifest_Generation = YES;
				INFOPLIST_KEY_UIApplicationSupportsIndirectInputEvents = YES;
				INFOPLIST_KEY_UILaunchScreen_Generation = YES;
				INFOPLIST_KEY_UISupportedInterfaceOrientations_iPad = "UIInterfaceOrientationPortrait UIInterfaceOrientationPortraitUpsideDown UIInterfaceOrientationLandscapeLeft UIInterfaceOrientationLandscapeRight";
				INFOPLIST_KEY_UISupportedInterfaceOrientations_iPhone = "UIInterfaceOrientationPortrait UIInterfaceOrientationLandscapeLeft UIInterfaceOrientationLandscapeRight";
				LD_RUNPATH_SEARCH_PATHS = (
					"$(inherited)",
					"@executable_path/Frameworks",
				);
				MARKETING_VERSION = 1.0;
				PRODUCT_BUNDLE_IDENTIFIER = com.BentOnboardingAssignment;
				PRODUCT_NAME = "$(TARGET_NAME)";
				SWIFT_EMIT_LOC_STRINGS = YES;
				SWIFT_VERSION = 5.0;
				TARGETED_DEVICE_FAMILY = "1,2";
			};
			name = Debug;
		};
		26D2B22A2A55FE2100785E97 /* Release */ = {
			isa = XCBuildConfiguration;
			buildSettings = {
				ASSETCATALOG_COMPILER_APPICON_NAME = AppIcon;
				ASSETCATALOG_COMPILER_GLOBAL_ACCENT_COLOR_NAME = AccentColor;
				CODE_SIGN_STYLE = Automatic;
				CURRENT_PROJECT_VERSION = 1;
				DEVELOPMENT_ASSET_PATHS = "\"BentOnboardingAssignment/Preview Content\"";
				DEVELOPMENT_TEAM = Q7J755A3GA;
				ENABLE_PREVIEWS = YES;
				GENERATE_INFOPLIST_FILE = YES;
				INFOPLIST_KEY_UIApplicationSceneManifest_Generation = YES;
				INFOPLIST_KEY_UIApplicationSupportsIndirectInputEvents = YES;
				INFOPLIST_KEY_UILaunchScreen_Generation = YES;
				INFOPLIST_KEY_UISupportedInterfaceOrientations_iPad = "UIInterfaceOrientationPortrait UIInterfaceOrientationPortraitUpsideDown UIInterfaceOrientationLandscapeLeft UIInterfaceOrientationLandscapeRight";
				INFOPLIST_KEY_UISupportedInterfaceOrientations_iPhone = "UIInterfaceOrientationPortrait UIInterfaceOrientationLandscapeLeft UIInterfaceOrientationLandscapeRight";
				LD_RUNPATH_SEARCH_PATHS = (
					"$(inherited)",
					"@executable_path/Frameworks",
				);
				MARKETING_VERSION = 1.0;
				PRODUCT_BUNDLE_IDENTIFIER = com.BentOnboardingAssignment;
				PRODUCT_NAME = "$(TARGET_NAME)";
				SWIFT_EMIT_LOC_STRINGS = YES;
				SWIFT_VERSION = 5.0;
				TARGETED_DEVICE_FAMILY = "1,2";
			};
			name = Release;
		};
		26D2B22C2A55FE2100785E97 /* Debug */ = {
			isa = XCBuildConfiguration;
			buildSettings = {
				ALWAYS_EMBED_SWIFT_STANDARD_LIBRARIES = YES;
				BUNDLE_LOADER = "$(TEST_HOST)";
				CODE_SIGN_STYLE = Automatic;
				CURRENT_PROJECT_VERSION = 1;
				DEVELOPMENT_TEAM = Q7J755A3GA;
				GENERATE_INFOPLIST_FILE = YES;
				IPHONEOS_DEPLOYMENT_TARGET = 16.4;
				MARKETING_VERSION = 1.0;
				PRODUCT_BUNDLE_IDENTIFIER = com.BentOnboardingAssignmentTests;
				PRODUCT_NAME = "$(TARGET_NAME)";
				SWIFT_EMIT_LOC_STRINGS = NO;
				SWIFT_VERSION = 5.0;
				TARGETED_DEVICE_FAMILY = "1,2";
				TEST_HOST = "$(BUILT_PRODUCTS_DIR)/BentOnboardingAssignment.app/$(BUNDLE_EXECUTABLE_FOLDER_PATH)/BentOnboardingAssignment";
			};
			name = Debug;
		};
		26D2B22D2A55FE2100785E97 /* Release */ = {
			isa = XCBuildConfiguration;
			buildSettings = {
				ALWAYS_EMBED_SWIFT_STANDARD_LIBRARIES = YES;
				BUNDLE_LOADER = "$(TEST_HOST)";
				CODE_SIGN_STYLE = Automatic;
				CURRENT_PROJECT_VERSION = 1;
				DEVELOPMENT_TEAM = Q7J755A3GA;
				GENERATE_INFOPLIST_FILE = YES;
				IPHONEOS_DEPLOYMENT_TARGET = 16.4;
				MARKETING_VERSION = 1.0;
				PRODUCT_BUNDLE_IDENTIFIER = com.BentOnboardingAssignmentTests;
				PRODUCT_NAME = "$(TARGET_NAME)";
				SWIFT_EMIT_LOC_STRINGS = NO;
				SWIFT_VERSION = 5.0;
				TARGETED_DEVICE_FAMILY = "1,2";
				TEST_HOST = "$(BUILT_PRODUCTS_DIR)/BentOnboardingAssignment.app/$(BUNDLE_EXECUTABLE_FOLDER_PATH)/BentOnboardingAssignment";
			};
			name = Release;
		};
		26D2B22F2A55FE2100785E97 /* Debug */ = {
			isa = XCBuildConfiguration;
			buildSettings = {
				ALWAYS_EMBED_SWIFT_STANDARD_LIBRARIES = YES;
				CODE_SIGN_STYLE = Automatic;
				CURRENT_PROJECT_VERSION = 1;
				DEVELOPMENT_TEAM = Q7J755A3GA;
				GENERATE_INFOPLIST_FILE = YES;
				MARKETING_VERSION = 1.0;
				PRODUCT_BUNDLE_IDENTIFIER = com.BentOnboardingAssignmentUITests;
				PRODUCT_NAME = "$(TARGET_NAME)";
				SWIFT_EMIT_LOC_STRINGS = NO;
				SWIFT_VERSION = 5.0;
				TARGETED_DEVICE_FAMILY = "1,2";
				TEST_TARGET_NAME = BentOnboardingAssignment;
			};
			name = Debug;
		};
		26D2B2302A55FE2100785E97 /* Release */ = {
			isa = XCBuildConfiguration;
			buildSettings = {
				ALWAYS_EMBED_SWIFT_STANDARD_LIBRARIES = YES;
				CODE_SIGN_STYLE = Automatic;
				CURRENT_PROJECT_VERSION = 1;
				DEVELOPMENT_TEAM = Q7J755A3GA;
				GENERATE_INFOPLIST_FILE = YES;
				MARKETING_VERSION = 1.0;
				PRODUCT_BUNDLE_IDENTIFIER = com.BentOnboardingAssignmentUITests;
				PRODUCT_NAME = "$(TARGET_NAME)";
				SWIFT_EMIT_LOC_STRINGS = NO;
				SWIFT_VERSION = 5.0;
				TARGETED_DEVICE_FAMILY = "1,2";
				TEST_TARGET_NAME = BentOnboardingAssignment;
			};
			name = Release;
		};
/* End XCBuildConfiguration section */

/* Begin XCConfigurationList section */
		26D2B1FF2A55FE2000785E97 /* Build configuration list for PBXProject "BentOnboardingAssignment" */ = {
			isa = XCConfigurationList;
			buildConfigurations = (
				26D2B2262A55FE2100785E97 /* Debug */,
				26D2B2272A55FE2100785E97 /* Release */,
			);
			defaultConfigurationIsVisible = 0;
			defaultConfigurationName = Release;
		};
		26D2B2282A55FE2100785E97 /* Build configuration list for PBXNativeTarget "BentOnboardingAssignment" */ = {
			isa = XCConfigurationList;
			buildConfigurations = (
				26D2B2292A55FE2100785E97 /* Debug */,
				26D2B22A2A55FE2100785E97 /* Release */,
			);
			defaultConfigurationIsVisible = 0;
			defaultConfigurationName = Release;
		};
		26D2B22B2A55FE2100785E97 /* Build configuration list for PBXNativeTarget "BentOnboardingAssignmentTests" */ = {
			isa = XCConfigurationList;
			buildConfigurations = (
				26D2B22C2A55FE2100785E97 /* Debug */,
				26D2B22D2A55FE2100785E97 /* Release */,
			);
			defaultConfigurationIsVisible = 0;
			defaultConfigurationName = Release;
		};
		26D2B22E2A55FE2100785E97 /* Build configuration list for PBXNativeTarget "BentOnboardingAssignmentUITests" */ = {
			isa = XCConfigurationList;
			buildConfigurations = (
				26D2B22F2A55FE2100785E97 /* Debug */,
				26D2B2302A55FE2100785E97 /* Release */,
			);
			defaultConfigurationIsVisible = 0;
			defaultConfigurationName = Release;
		};
/* End XCConfigurationList section */
	};
	rootObject = 26D2B1FC2A55FE2000785E97 /* Project object */;
}
